# THIS IS AN AUTOGENERATED FILE. DO NOT EDIT THIS FILE DIRECTLY.
assets/FontAwesome.otf:
  development: 2018-06-06T12:48:27-04:00   5dc41d8fe329a22fa1ee9225571c843e
assets/ajax-cart.js.liquid:
  development: 2018-06-06T12:48:27-04:00   004c73323bfa1870e3ba30056a8b6d59
assets/blog-1.jpg:
  development: 2018-06-07T17:11:40-04:00   38803cf2fcb2826f4cf9f186cc7c25bd
assets/blog-2.jpg:
  development: 2018-06-07T17:11:48-04:00   2984f67f2f7b4671b482809e59e2bdc4
assets/blog-3.jpg:
  development: 2018-06-07T17:12:07-04:00   9ab4b6bbbe131c21a8473c0311c771bf
assets/canela-webfont.woff:
  development: 2018-06-07T15:49:18-04:00   b5be2647b7021bbb7454c9276120bbfb
assets/canela-webfont.woff2:
  development: 2018-06-07T15:49:16-04:00   64bb68d755ae982eb5e8752dd73f7068
assets/close.png:
  development: 2018-06-06T12:48:27-04:00   acc83f311f9a17c603201bcef861a43d
assets/custom.js.liquid:
  development: 2018-06-06T12:48:27-04:00   c136bb999c24637559c3c86f57f32e46
assets/fancybox_loading.gif:
  development: 2018-06-06T12:48:27-04:00   328cc0f6c78211485058d460e80f4fa8
assets/fancybox_loading_2x.gif:
  development: 2018-06-06T12:48:27-04:00   f92938639fa894a0e8ded1c3368abe98
assets/fancybox_overlay.png:
  development: 2018-06-06T12:48:27-04:00   77aeaa52715b898b73c74d68c630330e
assets/fancybox_sprite.png:
  development: 2018-06-06T12:48:27-04:00   a154b1f5db51e97756275501d5d4538b
assets/fancybox_sprite_2x.png:
  development: 2018-06-06T12:48:27-04:00   4156c86f0fe11c1a6f6b051710cb15b3
assets/fastclick.min.js:
  development: 2018-06-06T12:48:28-04:00   4c68290ccc4d503561895dff0821621f
assets/fontawesome-webfont.eot:
  development: 2018-06-06T12:48:28-04:00   25a32416abee198dd821b0b17a198a8f
assets/fontawesome-webfont.svg:
  development: 2018-06-06T12:48:28-04:00   d7c639084f684d66a1bc66855d193ed8
assets/fontawesome-webfont.ttf:
  development: 2018-06-06T12:48:28-04:00   1dc35d25e61d819a9c357074014867ab
assets/fontawesome-webfont.woff:
  development: 2018-06-06T12:48:28-04:00   c8ddf1e5e5bf3682bc7bebf30f394148
assets/fontawesome-webfont.woff2:
  development: 2018-06-06T12:48:29-04:00   e6cf7c6ec7c2d6f670ae9d762604cb0b
assets/gift-card.scss.liquid:
  development: 2018-06-06T12:48:29-04:00   0f4fd064f90f97d1b69eea5557951ff2
assets/handlebars.min.js:
  development: 2018-06-06T12:48:29-04:00   b3c11508a224ee83f86e2fc6491e9751
assets/hero-collection-1.jpg:
  development: 2018-06-07T16:04:09-04:00   93ceef08b77d9dbcae760a7983b65b15
assets/hero-collection-2.jpg:
  development: 2018-06-07T16:05:40-04:00   fb6fea64d2eb0da40eea3d4d612649b6
assets/hero-promo-1.jpg:
  development: 2018-06-07T16:07:55-04:00   06cbb9fea5fbad7ec79abcf52da1b115
assets/ico-select.svg.liquid:
  development: 2018-06-06T12:48:29-04:00   9c9cc5a57cc74a0a64c2f62b1370a920
assets/icons.eot:
  development: 2018-06-06T12:48:29-04:00   cb627bc53517b26a3bfbd2b08fe24913
assets/icons.json:
  development: 2018-06-09T07:57:38-04:00   250c3e77b1e0512e3d273d28803439a8
assets/icons.svg:
  development: 2018-06-06T12:48:29-04:00   cc28fb929857762aaeaca1ea44c4d282
assets/icons.ttf:
  development: 2018-06-06T12:48:29-04:00   fc52f66131871c4095f5f86315a93943
assets/icons.woff:
  development: 2018-06-06T12:48:30-04:00   54166dff04d4c26c2bf81d987f3e9c21
assets/jquery.currencies.min.js:
  development: 2018-06-09T07:57:37-04:00   fbda3f892f5bfe99013e90c545ecef31
assets/logo-prosperitydenim-full.png:
  development: 2018-06-09T07:40:57-04:00   bdc161bea4babb342b4f76e83ffdf5cb
assets/logo-prosperitydenim.png:
  development: 2018-06-07T16:47:39-04:00   5d6d4eae076326040762553ecb81a1cf
assets/modernizr.min.js:
  development: 2018-06-06T12:48:30-04:00   dc21cffad945a84cbbe770d52b1a0ded
assets/newsletter-bg.jpg:
  development: 2018-06-09T12:21:34-04:00   720843e693339545ce90f1dcd8632515
assets/password-backup.scss:
  development: 2018-06-06T12:48:30-04:00   3e85416576e50095daea9aba60a07725
assets/password.scss.liquid:
  development: 2018-06-06T12:48:30-04:00   dfaee17b0b51479960db2158da5799c9
assets/pdicon.svg:
  development: 2018-06-09T11:35:49-04:00   e23c15eb2e2d0dfde8901a93ddde89c9
assets/pdicon.ttf:
  development: 2018-06-09T11:35:48-04:00   f54bc0aef5c16a5da48bdff61c46202b
assets/pdicon.woff:
  development: 2018-06-09T11:35:48-04:00   5490b0e11cd3fdb5c5548a233cd461b7
assets/plugins.css.liquid:
  development: 2018-06-06T12:48:30-04:00   04a296f3a90cc95669eb0283a8d401c4
assets/plugins.js:
  development: 2018-06-06T12:48:30-04:00   764bbc1cd414fa7c77baa1a5caf1867e
assets/product-1.jpg:
  development: 2018-06-10T04:12:38-04:00   a17702be5f3851e408e127d9482ea758
assets/product-2.jpg:
  development: 2018-06-10T04:12:36-04:00   472a2f20b91f63f9fa40dbecdc23d9a0
assets/product-3.jpg:
  development: 2018-06-10T04:12:40-04:00   cb119d21e07ffb34a64d7c20a26f0e21
assets/product-4.jpg:
  development: 2018-06-10T04:12:39-04:00   eb5d92a97411931351068b89f8147642
assets/product-5.jpg:
  development: 2018-06-10T04:12:37-04:00   2170e5054ad6cd9b3ee553e10a88e93e
assets/product-5a.jpg:
  development: 2018-06-10T04:12:35-04:00   08dedf602b3bd0065a5173a2796e53c5
assets/product-5b.jpg:
  development: 2018-06-10T04:12:39-04:00   4b9ee84dc150be2e0ef48bdfcbee66cb
assets/product-5c.jpg:
  development: 2018-06-10T04:12:37-04:00   bd054a98a5e04d6d491bfd9639e3815c
assets/respond-proxy.html:
  development: 2018-06-06T12:48:31-04:00   75002d74a330bff6bf069284da503b4c
assets/respond.min.js:
  development: 2018-06-06T12:48:31-04:00   a2684e9b8fa50d6d11c56a9ada068528
assets/slider-arrows.png:
  development: 2018-06-06T12:48:31-04:00   d81f7bfcdf5bc2205e2742b6da4860ff
assets/soldout.png:
  development: 2018-06-06T12:48:31-04:00   6a7697db19e17aae7568e216c2b365af
assets/texture-geo.png:
  development: 2018-06-10T08:19:18-04:00   aa3fa0da59ea55fceed4870fa8e55934
assets/texture-leafs.png:
  development: 2018-06-10T08:25:22-04:00   2a04f78e583cc525901d893f59ea604e
assets/timber.js.liquid:
  development: 2018-06-10T08:52:17-04:00   4d4129db6cbb9909a26f59ad8c39c653
assets/timber.scss.liquid:
  development: 2018-06-11T13:46:36-04:00   376af36fbf4b0b0efc4cee8f2fdf2300
assets/web-bai-mobile2.jpg:
  development: 2018-06-09T07:57:47-04:00   8247bb8902197daaed0b327aa05d6b48
config/settings_data.json:
  development: 2018-06-10T06:31:43-04:00   d9dca8905792f9e3c97e244a2c0155a9
config/settings_schema.json:
  development: 2018-06-10T08:32:02-04:00   579346f8a96fe832af7b29953b8e941d
layout/password.liquid:
  development: 2018-06-06T12:48:32-04:00   22300755791105f4ece1b9cdfb0c121d
layout/theme.liquid:
  development: 2018-06-09T08:06:28-04:00   89cea7e75a59b5f908c93ba189ca1fa7
locales/de.json:
  development: 2018-06-09T07:57:46-04:00   91ae3968d2ff4ffb7d49c0c5145c86b6
locales/en.default.json:
  development: 2018-06-09T07:57:57-04:00   5d15ec1d7e2cb6dca87cce2c2717a9c9
locales/es.json:
  development: 2018-06-09T07:57:47-04:00   ee9febaa16a25870d9b7761f663ede72
locales/fr.json:
  development: 2018-06-09T07:57:47-04:00   8e14bb44600580a565fb0b094dbcb280
locales/pt-PT.json:
  development: 2018-06-09T07:57:51-04:00   ccdba4317e6360d2e7e4acc72eb72dfb
sections/announcement-bar.liquid:
  development: 2018-06-06T12:48:24-04:00   931a73bc45ce9424addb26b7ef89fb64
sections/article-template.liquid:
  development: 2018-06-06T12:48:24-04:00   52ca5b718b0db16abb51e6139c6164d9
sections/blog-template.liquid:
  development: 2018-06-06T12:48:24-04:00   f317782d6397bbc0ee8f12ae7ef28a5e
sections/cart-template.liquid:
  development: 2018-06-06T12:48:25-04:00   65949fd8abbeb745941f020f4e93f3aa
sections/collection-list.liquid:
  development: 2018-06-09T08:21:55-04:00   93ad4422c74ccc3e4332e75bec51422a
sections/collection-template.liquid:
  development: 2018-06-10T05:00:31-04:00   07489fdb859065c870c8783139d94e8a
sections/custom-html.liquid:
  development: 2018-06-06T12:48:25-04:00   183a166798ecb5bc3288b90dcc5f17c4
sections/feature-row.liquid:
  development: 2018-06-06T12:48:25-04:00   92a6f992b4ee90ded4f736a9156ea31d
sections/featured-blog.liquid:
  development: 2018-06-09T07:58:38-04:00   6ac24c9829e3c45118c4b19c626bc698
sections/featured-products.liquid:
  development: 2018-06-09T11:03:35-04:00   69e48969d995206ba807e70d1d9d1731
sections/footer.liquid:
  development: 2018-06-09T11:57:25-04:00   80bf1422b8266b61fee0a4aa8552a3e8
sections/header.liquid:
  development: 2018-06-09T11:45:13-04:00   98481be11a163909cc97f6edb6820b76
sections/home-hero.liquid:
  development: 2018-06-07T17:03:52-04:00   c54b2c77c207acf02b546a49c89c5dbe
sections/image-bar.liquid:
  development: 2018-06-06T12:48:25-04:00   d4f7d21817c858966184fa9997f3159b
sections/image-with-text-overlay.liquid:
  development: 2018-06-07T17:05:31-04:00   68c7da310b05d55d84f9dbdbae6e1058
sections/indiv-product.liquid:
  development: 2018-06-06T12:48:25-04:00   272fb355706b7534a599ee4f7949add8
sections/instagram.liquid:
  development: 2018-06-06T12:48:25-04:00   b5715b0a66013dc6f12c956e8343da5e
sections/list-collections-template.liquid:
  development: 2018-06-06T12:48:25-04:00   4f544244f2e0ca31b2ce3c5d03a661ac
sections/map.liquid:
  development: 2018-06-09T07:57:53-04:00   6f935fbb3af18ae15ce25eec92b88959
sections/newsletter.liquid:
  development: 2018-06-09T12:56:45-04:00   5b0c90866b86bbe3a86cc6c22af020b9
sections/password-template.liquid:
  development: 2018-06-06T12:48:26-04:00   39eda08bce70a7ea65e67ffce8c8d32d
sections/product-template.liquid:
  development: 2018-06-10T08:44:58-04:00   c7a45119ff53e2b9e273d196f0fd85f5
sections/products-block.liquid:
  development: 2018-06-10T04:28:49-04:00   adc9a6a15fa988e5d72e6ab84079b948
sections/rich-text.liquid:
  development: 2018-06-07T16:36:08-04:00   8029d26a5b598d704c070c78396b05b9
sections/slideshow.liquid:
  development: 2018-06-06T12:48:26-04:00   413751f875924d2c0027a87f4279df08
sections/text-adverts.liquid:
  development: 2018-06-06T12:48:26-04:00   1adfe7c05dde5c5d8e7b5609d2eec429
sections/video.liquid:
  development: 2018-06-06T12:48:26-04:00   d199bfafd300572d12522e1ce9fe047f
snippets/ajax-cart-template.liquid:
  development: 2018-06-06T12:48:32-04:00   cf7b648a90161b91ffdd4c9cd8efe505
snippets/breadcrumb.liquid:
  development: 2018-06-06T12:48:32-04:00   7bf89ebc6f2f46288fa59aa305a42514
snippets/collection-sort-by.liquid:
  development: 2018-06-06T12:48:32-04:00   c8cac98960b55abdcf1561ebe4844386
snippets/currencies.liquid:
  development: 2018-06-06T12:48:32-04:00   1e12662e44e1959c9e1ef03b0c7e2dfb
snippets/font-links.liquid:
  development: 2018-06-06T12:48:32-04:00   d24e0da213d17b00b7613a373172f8dd
snippets/grid-view-item-no-match.liquid:
  development: 2018-06-06T12:48:32-04:00   179f5d75bf4c2043a6781a6647da25f7
snippets/grid-view-item.liquid:
  development: 2018-06-10T04:38:39-04:00   72897a049bda09d96a59e589282f1ebc
snippets/icon-amazon_payments.liquid:
  development: 2018-06-06T12:48:32-04:00   7420c4231c7dc1c1f1e91638cc3009b3
snippets/icon-american_express.liquid:
  development: 2018-06-06T12:48:32-04:00   8241f724d89b8943301f75d7d514caa9
snippets/icon-apple_pay.liquid:
  development: 2018-06-06T12:48:32-04:00   676770eca1fd366b665b781c02634b1c
snippets/icon-bitcoin.liquid:
  development: 2018-06-06T12:48:32-04:00   23fca6b9d1ae807828d0517e93f34d3a
snippets/icon-cirrus.liquid:
  development: 2018-06-06T12:48:32-04:00   c3496a4d5ba559380be2046974d6e3c4
snippets/icon-dankort.liquid:
  development: 2018-06-06T12:48:32-04:00   7a250df7a77230e1ba114df27f878b4a
snippets/icon-diners_club.liquid:
  development: 2018-06-06T12:48:32-04:00   a0de0fb208221eadc5e681e06aaf7124
snippets/icon-discover.liquid:
  development: 2018-06-06T12:48:32-04:00   0447311e809178838d7ebdc7e11e34bc
snippets/icon-dogecoin.liquid:
  development: 2018-06-06T12:48:33-04:00   7c877a6103d08e04c71e7e966db516ca
snippets/icon-dwolla.liquid:
  development: 2018-06-06T12:48:33-04:00   a7aab35040658017293b4d699c6ff04b
snippets/icon-forbrugsforeningen.liquid:
  development: 2018-06-06T12:48:33-04:00   1e46f55d6125b0942ac422269c54ff4f
snippets/icon-interac.liquid:
  development: 2018-06-06T12:48:33-04:00   1bbc44b2a5ef94f9a84193e08a61fa14
snippets/icon-jcb.liquid:
  development: 2018-06-06T12:48:33-04:00   412ccaa6d0b8b39db249e33e02ac19f0
snippets/icon-litecoin.liquid:
  development: 2018-06-06T12:48:33-04:00   e5e9427ac14dbe9b5c62dd28739864a2
snippets/icon-maestro.liquid:
  development: 2018-06-06T12:48:33-04:00   a5961e60f270bee56d816ea0736742a9
snippets/icon-master.liquid:
  development: 2018-06-06T12:48:33-04:00   91af595387a08548a987520ab3ca24fe
snippets/icon-paypal.liquid:
  development: 2018-06-06T12:48:33-04:00   788a4b0c655d16bdb1f5d4ce21118b05
snippets/icon-stripe.liquid:
  development: 2018-06-06T12:48:33-04:00   a97c970d73e2e35ed424a0edd517b621
snippets/icon-visa.liquid:
  development: 2018-06-06T12:48:33-04:00   fc37b35073d35063c4c30cf1d5c4b45a
snippets/live-search-result.liquid:
  development: 2018-06-06T12:48:33-04:00   651bd3ffdb9c854e2e144b30ead83ba6
snippets/mobile-search-bar.liquid:
  development: 2018-06-06T12:48:33-04:00   2d7b55027d5485cd598d9e11fe5b161d
snippets/oldIE-js.liquid:
  development: 2018-06-06T12:48:33-04:00   1197cc7109944206a600ed5caaef6a6f
snippets/pagination.liquid:
  development: 2018-06-06T12:48:33-04:00   c58033ba82ba3784c8a2193dcbe27286
snippets/popup.liquid:
  development: 2018-06-06T12:48:33-04:00   93cef35658bffe2dd651225d74f5da33
snippets/product-grid-item-price.liquid:
  development: 2018-06-06T12:48:33-04:00   d927ca55769f471d3e824e44e3a35ccd
snippets/product-grid-item.liquid:
  development: 2018-06-10T04:27:56-04:00   58eace3632dc0d232eaf7470b0473a98
snippets/respond.liquid:
  development: 2018-06-06T12:48:33-04:00   ca6abf0635dc2ad8c6bd377f83c79f6b
snippets/responsive-background-image.liquid:
  development: 2018-06-06T12:48:33-04:00   6ff91bde486f7ce746e8f0b503a75fca
snippets/responsive-image.liquid:
  development: 2018-06-06T12:48:33-04:00   f5752621c929bbaec14fd9b2d8cddcc7
snippets/search-bar.liquid:
  development: 2018-06-06T12:48:33-04:00   0af4478d62113681203dcb873360a6b7
snippets/site-nav.liquid:
  development: 2018-06-06T12:48:33-04:00   8d58f51117ea014801ff47af7be29128
snippets/social-icons.liquid:
  development: 2018-06-06T12:48:33-04:00   35f6bf824a23b6dc9ed9d4b88ade6cc8
snippets/social-meta-tags.liquid:
  development: 2018-06-06T12:48:34-04:00   b80c171be3e227cf0abb92951d72888c
snippets/swatch.liquid:
  development: 2018-06-09T07:58:24-04:00   8802d392af348d4a2b691eb2461d46b3
templates/404.liquid:
  development: 2018-06-06T12:48:34-04:00   6ad1a442f12171691aeff1f678cbf4c1
templates/article.liquid:
  development: 2018-06-06T12:48:34-04:00   2080855dac3ae25e520dd0968e1110a7
templates/blog.liquid:
  development: 2018-06-06T12:48:34-04:00   5f9ac2432fad153f31bb238ba356e472
templates/cart.liquid:
  development: 2018-06-06T12:48:34-04:00   6945867d65b2d0d607c2d80e17fa697d
templates/collection.liquid:
  development: 2018-06-06T12:48:34-04:00   b45d3c007e394a0a025f7a3dc32d7576
templates/customers/account.liquid:
  development: 2018-06-06T12:48:34-04:00   2f71d5561faab41a3349531c08448102
templates/customers/activate_account.liquid:
  development: 2018-06-06T12:48:34-04:00   79e7019e3291389d18d96d07b8cfbbe2
templates/customers/addresses.liquid:
  development: 2018-06-06T12:48:34-04:00   6f1d136f9192f41fb7fcdb721799b68f
templates/customers/login.liquid:
  development: 2018-06-06T12:48:34-04:00   d69480a6e4392465751604a2b0cbd5dd
templates/customers/order.liquid:
  development: 2018-06-06T12:48:34-04:00   c6d438a9daf2887600a32e99c57e5dc4
templates/customers/register.liquid:
  development: 2018-06-06T12:48:34-04:00   dbc4af2d8d7c6cf2cdfa8845ec0507f8
templates/customers/reset_password.liquid:
  development: 2018-06-06T12:48:34-04:00   931b5fcd16551eea64b2305672135bf9
templates/gift_card.liquid:
  development: 2018-06-06T12:48:34-04:00   c1ae0f8232e003fac57213d1353e513c
templates/index.liquid:
  development: 2018-06-06T12:48:34-04:00   034564da719f1f503f71c6638210c15a
templates/list-collections.liquid:
  development: 2018-06-06T12:48:34-04:00   1bc1e3a829c34998212d678d09b0e9be
templates/page.contact.liquid:
  development: 2018-06-06T12:48:34-04:00   7db675fc5954a47124d79bcb7b321d92
templates/page.liquid:
  development: 2018-06-06T12:48:34-04:00   f1e881616edfa6d114733eb30b48d324
templates/password.liquid:
  development: 2018-06-06T12:48:34-04:00   a8ceb6357f9e916a9de46dc87c02ab22
templates/product.liquid:
  development: 2018-06-06T12:48:34-04:00   3ccba0764abf99d1d41770bbbe4764d3
templates/search.json.liquid:
  development: 2018-06-06T12:48:34-04:00   4c27641f2fe6ee70776fdd26db001832
templates/search.liquid:
  development: 2018-06-06T12:48:34-04:00   7d746f4fb3cf8166ade201123133c8bf
